{
  "nodes": {
    "emacs-overlay": {
      "locked": {
        "lastModified": 1638610982,
        "narHash": "sha256-cipp1jVarpbLc8iPYtzam1DKpnOyNluKn4o7EBDZ99U=",
        "owner": "nix-community",
        "repo": "emacs-overlay",
        "rev": "60b0832e7bcec1b6d8159949e19aea1fc8626201",
        "type": "github"
      },
      "original": {
        "owner": "nix-community",
        "repo": "emacs-overlay",
        "type": "github"
      }
    },
    "evil-markdown": {
      "flake": false,
      "locked": {
        "lastModified": 1626852210,
        "narHash": "sha256-HBBuZ1VWIn6kwK5CtGIvHM1+9eiNiKPH0GUsyvpUVN8=",
        "owner": "Somelauw",
        "repo": "evil-markdown",
        "rev": "8e6cc68af83914b2fa9fd3a3b8472573dbcef477",
        "type": "github"
      },
      "original": {
        "owner": "Somelauw",
        "repo": "evil-markdown",
        "type": "github"
      }
    },
    "flake-utils": {
      "locked": {
        "lastModified": 1638122382,
        "narHash": "sha256-sQzZzAbvKEqN9s0bzWuYmRaA03v40gaJ4+iL1LXjaeI=",
        "owner": "numtide",
        "repo": "flake-utils",
        "rev": "74f7e4319258e287b0f9cb95426c9853b282730b",
        "type": "github"
      },
      "original": {
        "owner": "numtide",
        "repo": "flake-utils",
        "type": "github"
      }
    },
    "ligature": {
      "flake": false,
      "locked": {
        "lastModified": 1630053616,
        "narHash": "sha256-baFDkfQLM2MYW2QhMpPnOMSfsLlcp9fO5xfyioZzOqg=",
        "owner": "mickeynp",
        "repo": "ligature.el",
        "rev": "d3426509cc5436a12484d91e48abd7b62429b7ef",
        "type": "github"
      },
      "original": {
        "owner": "mickeynp",
        "repo": "ligature.el",
        "type": "github"
      }
    },
    "mu4e-thread-folding": {
      "flake": false,
      "locked": {
        "lastModified": 1627717910,
        "narHash": "sha256-ZF6i/32iFXfeXTPCT/LPFpXmboZ3tpdB+GDs6T9IwfA=",
        "owner": "rougier",
        "repo": "mu4e-thread-folding",
        "rev": "b95cd5f4587d458e9578708cf1101be5c2e3c8f8",
        "type": "github"
      },
      "original": {
        "owner": "rougier",
        "repo": "mu4e-thread-folding",
        "type": "github"
      }
    },
    "nixpkgs": {
      "locked": {
        "lastModified": 1638535497,
        "narHash": "sha256-tk5LNbdkUhALp00+r5ZmQ3t7n2d5M7YUQB+MznWvVOg=",
        "owner": "NixOS",
        "repo": "nixpkgs",
        "rev": "c71f061c68ba8ce53471b767d5049cbd0f3d8490",
        "type": "github"
      },
      "original": {
        "owner": "NixOS",
        "ref": "nixos-unstable",
        "repo": "nixpkgs",
        "type": "github"
      }
    },
    "org": {
      "flake": false,
      "locked": {
        "lastModified": 1638128684,
        "narHash": "sha256-W3qAPBdTlWEGpzo/wAhMnxnwiZvNoSbVReveBjNJ0SI=",
        "owner": "bzg",
        "repo": "org-mode",
        "rev": "5e35de34a6f54c2f76b90aa23b69876aca6587ee",
        "type": "github"
      },
      "original": {
        "owner": "bzg",
        "repo": "org-mode",
        "type": "github"
      }
    },
    "org-roam-ui": {
      "flake": false,
      "locked": {
        "lastModified": 1638622064,
        "narHash": "sha256-qBTUXxdAhmO5/rBGVw8mPcALF08Lysbxq1mIPnui+Ms=",
        "owner": "org-roam",
        "repo": "org-roam-ui",
        "rev": "05d7de409e92dbf3d6b8ef50da0b743c247b4eac",
        "type": "github"
      },
      "original": {
        "owner": "org-roam",
        "repo": "org-roam-ui",
        "type": "github"
      }
    },
    "root": {
      "inputs": {
        "emacs-overlay": "emacs-overlay",
        "evil-markdown": "evil-markdown",
        "flake-utils": "flake-utils",
        "ligature": "ligature",
        "mu4e-thread-folding": "mu4e-thread-folding",
        "nixpkgs": "nixpkgs",
        "org": "org",
        "org-roam-ui": "org-roam-ui"
      }
    }
  },
  "root": "root",
  "version": 7
}
