{
  "nodes": {
    "emacs-overlay": {
      "locked": {
        "lastModified": 1634781510,
        "narHash": "sha256-WqlxIN1cX4/KG0PBiFFJl9o9CxTejFnb49/YrAfjFeo=",
        "owner": "nix-community",
        "repo": "emacs-overlay",
        "rev": "dc7d07ec1b79d0e407f4ad5bbdd29d10db4de681",
        "type": "github"
      },
      "original": {
        "owner": "nix-community",
        "repo": "emacs-overlay",
        "type": "github"
      }
    },
    "evil-markdown": {
      "flake": false,
      "locked": {
        "lastModified": 1626852210,
        "narHash": "sha256-HBBuZ1VWIn6kwK5CtGIvHM1+9eiNiKPH0GUsyvpUVN8=",
        "owner": "Somelauw",
        "repo": "evil-markdown",
        "rev": "8e6cc68af83914b2fa9fd3a3b8472573dbcef477",
        "type": "github"
      },
      "original": {
        "owner": "Somelauw",
        "repo": "evil-markdown",
        "type": "github"
      }
    },
    "flake-utils": {
      "locked": {
        "lastModified": 1631561581,
        "narHash": "sha256-3VQMV5zvxaVLvqqUrNz3iJelLw30mIVSfZmAaauM3dA=",
        "owner": "numtide",
        "repo": "flake-utils",
        "rev": "7e5bf3925f6fbdfaf50a2a7ca0be2879c4261d19",
        "type": "github"
      },
      "original": {
        "owner": "numtide",
        "repo": "flake-utils",
        "type": "github"
      }
    },
    "ligature": {
      "flake": false,
      "locked": {
        "lastModified": 1630053616,
        "narHash": "sha256-baFDkfQLM2MYW2QhMpPnOMSfsLlcp9fO5xfyioZzOqg=",
        "owner": "mickeynp",
        "repo": "ligature.el",
        "rev": "d3426509cc5436a12484d91e48abd7b62429b7ef",
        "type": "github"
      },
      "original": {
        "owner": "mickeynp",
        "repo": "ligature.el",
        "type": "github"
      }
    },
    "mu4e-thread-folding": {
      "flake": false,
      "locked": {
        "lastModified": 1627717910,
        "narHash": "sha256-ZF6i/32iFXfeXTPCT/LPFpXmboZ3tpdB+GDs6T9IwfA=",
        "owner": "rougier",
        "repo": "mu4e-thread-folding",
        "rev": "b95cd5f4587d458e9578708cf1101be5c2e3c8f8",
        "type": "github"
      },
      "original": {
        "owner": "rougier",
        "repo": "mu4e-thread-folding",
        "type": "github"
      }
    },
    "nixpkgs": {
      "locked": {
        "lastModified": 1634515797,
        "narHash": "sha256-elgCUC2khtBkOSpE4gDymNvthTZAI4hGI2iNu3YEUkA=",
        "owner": "NixOS",
        "repo": "nixpkgs",
        "rev": "5f0194220f2402b06f7f79bba6351895facb5acb",
        "type": "github"
      },
      "original": {
        "owner": "NixOS",
        "ref": "nixos-unstable",
        "repo": "nixpkgs",
        "type": "github"
      }
    },
    "org": {
      "flake": false,
      "locked": {
        "lastModified": 1634206069,
        "narHash": "sha256-Ot6zYwm2P0uWSLJO7OUIfIMb7vni1d/8javybLxvrHM=",
        "owner": "bzg",
        "repo": "org-mode",
        "rev": "93132c2390a1fb347020df755d3cfb5d6c306fb6",
        "type": "github"
      },
      "original": {
        "owner": "bzg",
        "repo": "org-mode",
        "type": "github"
      }
    },
    "org-roam-ui": {
      "flake": false,
      "locked": {
        "lastModified": 1634514159,
        "narHash": "sha256-a2VHAo/vAAOYayniObaFHN0+K6qbWKcMuIn/+miLaEI=",
        "owner": "org-roam",
        "repo": "org-roam-ui",
        "rev": "c93f6b61a8d3d2edcf07eda6220278c418d1054b",
        "type": "github"
      },
      "original": {
        "owner": "org-roam",
        "repo": "org-roam-ui",
        "type": "github"
      }
    },
    "root": {
      "inputs": {
        "emacs-overlay": "emacs-overlay",
        "evil-markdown": "evil-markdown",
        "flake-utils": "flake-utils",
        "ligature": "ligature",
        "mu4e-thread-folding": "mu4e-thread-folding",
        "nixpkgs": "nixpkgs",
        "org": "org",
        "org-roam-ui": "org-roam-ui"
      }
    }
  },
  "root": "root",
  "version": 7
}
